
Microsoft Visual Studio Solution File, Format Version 12.00
# Visual Studio Version 17
VisualStudioVersion = 17.6.33829.357
MinimumVisualStudioVersion = 10.0.40219.1
Project("{9A19103F-16F7-4668-BE54-9A1E7A4F7556}") = "HtmlManager", "HtmlManager\HtmlManager.csproj", "{DA306ED6-E9BC-40FD-AEFA-05F36768392F}"
EndProject
Project("{9A19103F-16F7-4668-BE54-9A1E7A4F7556}") = "ConsoleApp1", "ConsoleApp1\ConsoleApp1.csproj", "{91C55D95-F943-43F4-A3BC-5A0BA9BBDAE6}"
EndProject
Global
	GlobalSection(SolutionConfigurationPlatforms) = preSolution
		Debug|Any CPU = Debug|Any CPU
		Release|Any CPU = Release|Any CPU
	EndGlobalSection
	GlobalSection(ProjectConfigurationPlatforms) = postSolution
		{DA306ED6-E9BC-40FD-AEFA-05F36768392F}.Debug|Any CPU.ActiveCfg = Debug|Any CPU
		{DA306ED6-E9BC-40FD-AEFA-05F36768392F}.Debug|Any CPU.Build.0 = Debug|Any CPU
		{DA306ED6-E9BC-40FD-AEFA-05F36768392F}.Release|Any CPU.ActiveCfg = Release|Any CPU
		{DA306ED6-E9BC-40FD-AEFA-05F36768392F}.Release|Any CPU.Build.0 = Release|Any CPU
		{91C55D95-F943-43F4-A3BC-5A0BA9BBDAE6}.Debug|Any CPU.ActiveCfg = Debug|Any CPU
		{91C55D95-F943-43F4-A3BC-5A0BA9BBDAE6}.Debug|Any CPU.Build.0 = Debug|Any CPU
		{91C55D95-F943-43F4-A3BC-5A0BA9BBDAE6}.Release|Any CPU.ActiveCfg = Release|Any CPU
		{91C55D95-F943-43F4-A3BC-5A0BA9BBDAE6}.Release|Any CPU.Build.0 = Release|Any CPU
	EndGlobalSection
	GlobalSection(SolutionProperties) = preSolution
		HideSolutionNode = FALSE
	EndGlobalSection
	GlobalSection(ExtensibilityGlobals) = postSolution
		SolutionGuid = {F468D13D-FBB7-4548-A4EB-694C27DBD0CF}
	EndGlobalSection
EndGlobal
